
Microsoft Visual Studio Solution File, Format Version 12.00
Project("{FAE04EC0-301F-11D3-BF4B-00C04F79EFBC}") = "CoreMachine.Result", "CoreMachine.Result\CoreMachine.Result.csproj", "{3D59254A-0C59-424C-A3DA-1C9A98EBAC1C}"
EndProject
Project("{FAE04EC0-301F-11D3-BF4B-00C04F79EFBC}") = "CoreMachine.Result.Test", "CoreMachine.Result.Test\CoreMachine.Result.Test.csproj", "{557FDA74-68F7-429B-AEBC-983C1B83C7F1}"
EndProject
Project("{2150E333-8FDC-42A3-9474-1A3956D46DE8}") = "Result", "Result", "{973814AF-1578-468A-9FF3-62F15ABCFB5B}"
EndProject
Project("{2150E333-8FDC-42A3-9474-1A3956D46DE8}") = "Http", "Http", "{AD9C0AFE-4031-4D7B-BBF2-E73626037D0E}"
EndProject
Project("{FAE04EC0-301F-11D3-BF4B-00C04F79EFBC}") = "CoreMachine.Req", "CoreMachine.Req\CoreMachine.Req.csproj", "{6CE7D847-01A0-4B6F-9ED8-68C7589C4A2A}"
EndProject
Project("{FAE04EC0-301F-11D3-BF4B-00C04F79EFBC}") = "CoreMachine.Req.Test", "CoreMachine.Req.Test\CoreMachine.Req.Test.csproj", "{E5638CCA-DE38-41E7-8447-8435F28C5734}"
EndProject
Project("{2150E333-8FDC-42A3-9474-1A3956D46DE8}") = "Generation", "Generation", "{5F865C1E-BEF1-41E5-8087-5D9E2E3E03AD}"
EndProject
Project("{FAE04EC0-301F-11D3-BF4B-00C04F79EFBC}") = "CoreMachine.UnionLike", "CoreMachine.UnionLike\CoreMachine.UnionLike.csproj", "{68F1BC7F-328F-424A-B14C-C1A91E1C2DB1}"
EndProject
Project("{FAE04EC0-301F-11D3-BF4B-00C04F79EFBC}") = "CoreMachine.UnionLike.Attributes", "CoreMachine.UnionLike.Attributes\CoreMachine.UnionLike.Attributes.csproj", "{13AA74DB-57DC-4540-B8F7-75A949C60979}"
EndProject
Project("{FAE04EC0-301F-11D3-BF4B-00C04F79EFBC}") = "CoreMachine.UnionLike.Tests", "CoreMachine.UnionLike.Tests\CoreMachine.UnionLike.Tests.csproj", "{DAA16E4C-E120-4CFE-9816-0EA3C651E851}"
EndProject
Project("{FAE04EC0-301F-11D3-BF4B-00C04F79EFBC}") = "CoreMachine.UnionLike.Integration", "CoreMachine.UnionLike.Integration\CoreMachine.UnionLike.Integration.csproj", "{2F6E5121-2465-4219-8125-00B49A176CD7}"
EndProject
Global
	GlobalSection(SolutionConfigurationPlatforms) = preSolution
		Debug|Any CPU = Debug|Any CPU
		Release|Any CPU = Release|Any CPU
	EndGlobalSection
	GlobalSection(ProjectConfigurationPlatforms) = postSolution
		{3D59254A-0C59-424C-A3DA-1C9A98EBAC1C}.Debug|Any CPU.ActiveCfg = Debug|Any CPU
		{3D59254A-0C59-424C-A3DA-1C9A98EBAC1C}.Debug|Any CPU.Build.0 = Debug|Any CPU
		{3D59254A-0C59-424C-A3DA-1C9A98EBAC1C}.Release|Any CPU.ActiveCfg = Release|Any CPU
		{3D59254A-0C59-424C-A3DA-1C9A98EBAC1C}.Release|Any CPU.Build.0 = Release|Any CPU
		{557FDA74-68F7-429B-AEBC-983C1B83C7F1}.Debug|Any CPU.ActiveCfg = Debug|Any CPU
		{557FDA74-68F7-429B-AEBC-983C1B83C7F1}.Debug|Any CPU.Build.0 = Debug|Any CPU
		{557FDA74-68F7-429B-AEBC-983C1B83C7F1}.Release|Any CPU.ActiveCfg = Release|Any CPU
		{557FDA74-68F7-429B-AEBC-983C1B83C7F1}.Release|Any CPU.Build.0 = Release|Any CPU
		{6CE7D847-01A0-4B6F-9ED8-68C7589C4A2A}.Debug|Any CPU.ActiveCfg = Debug|Any CPU
		{6CE7D847-01A0-4B6F-9ED8-68C7589C4A2A}.Debug|Any CPU.Build.0 = Debug|Any CPU
		{6CE7D847-01A0-4B6F-9ED8-68C7589C4A2A}.Release|Any CPU.ActiveCfg = Release|Any CPU
		{6CE7D847-01A0-4B6F-9ED8-68C7589C4A2A}.Release|Any CPU.Build.0 = Release|Any CPU
		{E5638CCA-DE38-41E7-8447-8435F28C5734}.Debug|Any CPU.ActiveCfg = Debug|Any CPU
		{E5638CCA-DE38-41E7-8447-8435F28C5734}.Debug|Any CPU.Build.0 = Debug|Any CPU
		{E5638CCA-DE38-41E7-8447-8435F28C5734}.Release|Any CPU.ActiveCfg = Release|Any CPU
		{E5638CCA-DE38-41E7-8447-8435F28C5734}.Release|Any CPU.Build.0 = Release|Any CPU
		{68F1BC7F-328F-424A-B14C-C1A91E1C2DB1}.Release|Any CPU.ActiveCfg = Release|Any CPU
		{68F1BC7F-328F-424A-B14C-C1A91E1C2DB1}.Release|Any CPU.Build.0 = Release|Any CPU
		{68F1BC7F-328F-424A-B14C-C1A91E1C2DB1}.Debug|Any CPU.ActiveCfg = Release|Any CPU
		{68F1BC7F-328F-424A-B14C-C1A91E1C2DB1}.Debug|Any CPU.Build.0 = Release|Any CPU
		{13AA74DB-57DC-4540-B8F7-75A949C60979}.Debug|Any CPU.ActiveCfg = Debug|Any CPU
		{13AA74DB-57DC-4540-B8F7-75A949C60979}.Debug|Any CPU.Build.0 = Debug|Any CPU
		{13AA74DB-57DC-4540-B8F7-75A949C60979}.Release|Any CPU.ActiveCfg = Release|Any CPU
		{13AA74DB-57DC-4540-B8F7-75A949C60979}.Release|Any CPU.Build.0 = Release|Any CPU
		{DAA16E4C-E120-4CFE-9816-0EA3C651E851}.Debug|Any CPU.ActiveCfg = Debug|Any CPU
		{DAA16E4C-E120-4CFE-9816-0EA3C651E851}.Debug|Any CPU.Build.0 = Debug|Any CPU
		{DAA16E4C-E120-4CFE-9816-0EA3C651E851}.Release|Any CPU.ActiveCfg = Release|Any CPU
		{DAA16E4C-E120-4CFE-9816-0EA3C651E851}.Release|Any CPU.Build.0 = Release|Any CPU
		{2F6E5121-2465-4219-8125-00B49A176CD7}.Debug|Any CPU.ActiveCfg = Debug|Any CPU
		{2F6E5121-2465-4219-8125-00B49A176CD7}.Debug|Any CPU.Build.0 = Debug|Any CPU
		{2F6E5121-2465-4219-8125-00B49A176CD7}.Release|Any CPU.ActiveCfg = Release|Any CPU
		{2F6E5121-2465-4219-8125-00B49A176CD7}.Release|Any CPU.Build.0 = Release|Any CPU
	EndGlobalSection
	GlobalSection(NestedProjects) = preSolution
		{3D59254A-0C59-424C-A3DA-1C9A98EBAC1C} = {973814AF-1578-468A-9FF3-62F15ABCFB5B}
		{557FDA74-68F7-429B-AEBC-983C1B83C7F1} = {973814AF-1578-468A-9FF3-62F15ABCFB5B}
		{6CE7D847-01A0-4B6F-9ED8-68C7589C4A2A} = {AD9C0AFE-4031-4D7B-BBF2-E73626037D0E}
		{E5638CCA-DE38-41E7-8447-8435F28C5734} = {AD9C0AFE-4031-4D7B-BBF2-E73626037D0E}
		{68F1BC7F-328F-424A-B14C-C1A91E1C2DB1} = {5F865C1E-BEF1-41E5-8087-5D9E2E3E03AD}
		{13AA74DB-57DC-4540-B8F7-75A949C60979} = {5F865C1E-BEF1-41E5-8087-5D9E2E3E03AD}
		{DAA16E4C-E120-4CFE-9816-0EA3C651E851} = {5F865C1E-BEF1-41E5-8087-5D9E2E3E03AD}
		{2F6E5121-2465-4219-8125-00B49A176CD7} = {5F865C1E-BEF1-41E5-8087-5D9E2E3E03AD}
	EndGlobalSection
EndGlobal
